
Microsoft Visual Studio Solution File, Format Version 12.00
# Visual Studio Version 17
VisualStudioVersion = 17.0.31903.59
MinimumVisualStudioVersion = 10.0.40219.1
Project("{2150E333-8FDC-42A3-9474-1A3956D46DE8}") = "src", "src", "{5260E2AC-74EF-4389-A753-512BC0F5B9DD}"
EndProject
Project("{2150E333-8FDC-42A3-9474-1A3956D46DE8}") = "tests", "tests", "{22BC1263-0A3C-4CB8-ADA8-394FA4936A24}"
EndProject
Project("{FAE04EC0-301F-11D3-BF4B-00C04F79EFBC}") = "CashFlow.Domain", "src\CashFlow.Domain\CashFlow.Domain.csproj", "{34E81E51-B3B0-461F-97CE-A5277512A164}"
EndProject
Project("{FAE04EC0-301F-11D3-BF4B-00C04F79EFBC}") = "CashFlow.Application", "src\CashFlow.Application\CashFlow.Application.csproj", "{C63F171F-6395-4916-8677-4500BC5C2AE4}"
EndProject
Project("{FAE04EC0-301F-11D3-BF4B-00C04F79EFBC}") = "CashFlow.Communication", "src\CashFlow.Communication\CashFlow.Communication.csproj", "{74272B6C-3B20-48BE-9E8B-39531742FBE3}"
EndProject
Project("{FAE04EC0-301F-11D3-BF4B-00C04F79EFBC}") = "CashFlow.Exception", "src\CashFlow.Exception\CashFlow.Exception.csproj", "{C6F11ED1-161B-4B3C-A27C-D144AF2571B2}"
EndProject
Project("{FAE04EC0-301F-11D3-BF4B-00C04F79EFBC}") = "CashFlow.Infra", "src\CashFlow.Infra\CashFlow.Infra.csproj", "{73A04B76-223E-4276-9345-1D65C2D07A0C}"
EndProject
Project("{FAE04EC0-301F-11D3-BF4B-00C04F79EFBC}") = "CashFlow.APi", "CashFlow.APi\CashFlow.APi.csproj", "{6C1E8886-58A2-42DB-88A4-8886F3CC12B2}"
EndProject
Global
	GlobalSection(SolutionConfigurationPlatforms) = preSolution
		Debug|Any CPU = Debug|Any CPU
		Release|Any CPU = Release|Any CPU
	EndGlobalSection
	GlobalSection(SolutionProperties) = preSolution
		HideSolutionNode = FALSE
	EndGlobalSection
	GlobalSection(NestedProjects) = preSolution
		{34E81E51-B3B0-461F-97CE-A5277512A164} = {5260E2AC-74EF-4389-A753-512BC0F5B9DD}
		{C63F171F-6395-4916-8677-4500BC5C2AE4} = {5260E2AC-74EF-4389-A753-512BC0F5B9DD}
		{74272B6C-3B20-48BE-9E8B-39531742FBE3} = {5260E2AC-74EF-4389-A753-512BC0F5B9DD}
		{C6F11ED1-161B-4B3C-A27C-D144AF2571B2} = {5260E2AC-74EF-4389-A753-512BC0F5B9DD}
		{73A04B76-223E-4276-9345-1D65C2D07A0C} = {5260E2AC-74EF-4389-A753-512BC0F5B9DD}
		{6C1E8886-58A2-42DB-88A4-8886F3CC12B2} = {5260E2AC-74EF-4389-A753-512BC0F5B9DD}
	EndGlobalSection
	GlobalSection(ProjectConfigurationPlatforms) = postSolution
		{34E81E51-B3B0-461F-97CE-A5277512A164}.Debug|Any CPU.ActiveCfg = Debug|Any CPU
		{34E81E51-B3B0-461F-97CE-A5277512A164}.Debug|Any CPU.Build.0 = Debug|Any CPU
		{34E81E51-B3B0-461F-97CE-A5277512A164}.Release|Any CPU.ActiveCfg = Release|Any CPU
		{34E81E51-B3B0-461F-97CE-A5277512A164}.Release|Any CPU.Build.0 = Release|Any CPU
		{C63F171F-6395-4916-8677-4500BC5C2AE4}.Debug|Any CPU.ActiveCfg = Debug|Any CPU
		{C63F171F-6395-4916-8677-4500BC5C2AE4}.Debug|Any CPU.Build.0 = Debug|Any CPU
		{C63F171F-6395-4916-8677-4500BC5C2AE4}.Release|Any CPU.ActiveCfg = Release|Any CPU
		{C63F171F-6395-4916-8677-4500BC5C2AE4}.Release|Any CPU.Build.0 = Release|Any CPU
		{74272B6C-3B20-48BE-9E8B-39531742FBE3}.Debug|Any CPU.ActiveCfg = Debug|Any CPU
		{74272B6C-3B20-48BE-9E8B-39531742FBE3}.Debug|Any CPU.Build.0 = Debug|Any CPU
		{74272B6C-3B20-48BE-9E8B-39531742FBE3}.Release|Any CPU.ActiveCfg = Release|Any CPU
		{74272B6C-3B20-48BE-9E8B-39531742FBE3}.Release|Any CPU.Build.0 = Release|Any CPU
		{C6F11ED1-161B-4B3C-A27C-D144AF2571B2}.Debug|Any CPU.ActiveCfg = Debug|Any CPU
		{C6F11ED1-161B-4B3C-A27C-D144AF2571B2}.Debug|Any CPU.Build.0 = Debug|Any CPU
		{C6F11ED1-161B-4B3C-A27C-D144AF2571B2}.Release|Any CPU.ActiveCfg = Release|Any CPU
		{C6F11ED1-161B-4B3C-A27C-D144AF2571B2}.Release|Any CPU.Build.0 = Release|Any CPU
		{73A04B76-223E-4276-9345-1D65C2D07A0C}.Debug|Any CPU.ActiveCfg = Debug|Any CPU
		{73A04B76-223E-4276-9345-1D65C2D07A0C}.Debug|Any CPU.Build.0 = Debug|Any CPU
		{73A04B76-223E-4276-9345-1D65C2D07A0C}.Release|Any CPU.ActiveCfg = Release|Any CPU
		{73A04B76-223E-4276-9345-1D65C2D07A0C}.Release|Any CPU.Build.0 = Release|Any CPU
		{6C1E8886-58A2-42DB-88A4-8886F3CC12B2}.Debug|Any CPU.ActiveCfg = Debug|Any CPU
		{6C1E8886-58A2-42DB-88A4-8886F3CC12B2}.Debug|Any CPU.Build.0 = Debug|Any CPU
		{6C1E8886-58A2-42DB-88A4-8886F3CC12B2}.Release|Any CPU.ActiveCfg = Release|Any CPU
		{6C1E8886-58A2-42DB-88A4-8886F3CC12B2}.Release|Any CPU.Build.0 = Release|Any CPU
	EndGlobalSection
EndGlobal
